
Microsoft Visual Studio Solution File, Format Version 12.00
# Visual Studio Version 17
VisualStudioVersion = 17.5.002.0
MinimumVisualStudioVersion = 10.0.40219.1
Project("{9A19103F-16F7-4668-BE54-9A1E7A4F7556}") = "PizzaStore", "PizzaStore.csproj", "{CA73A59D-6AB6-42A3-B6CD-F93F90B66F01}"
EndProject
Global
	GlobalSection(SolutionConfigurationPlatforms) = preSolution
		Debug|Any CPU = Debug|Any CPU
		Release|Any CPU = Release|Any CPU
	EndGlobalSection
	GlobalSection(ProjectConfigurationPlatforms) = postSolution
		{CA73A59D-6AB6-42A3-B6CD-F93F90B66F01}.Debug|Any CPU.ActiveCfg = Debug|Any CPU
		{CA73A59D-6AB6-42A3-B6CD-F93F90B66F01}.Debug|Any CPU.Build.0 = Debug|Any CPU
		{CA73A59D-6AB6-42A3-B6CD-F93F90B66F01}.Release|Any CPU.ActiveCfg = Release|Any CPU
		{CA73A59D-6AB6-42A3-B6CD-F93F90B66F01}.Release|Any CPU.Build.0 = Release|Any CPU
	EndGlobalSection
	GlobalSection(SolutionProperties) = preSolution
		HideSolutionNode = FALSE
	EndGlobalSection
	GlobalSection(ExtensibilityGlobals) = postSolution
		SolutionGuid = {9F9B5EEA-4472-42B9-93A5-C54DFFA53B73}
	EndGlobalSection
EndGlobal
