
Microsoft Visual Studio Solution File, Format Version 12.00
# Visual Studio Version 17
VisualStudioVersion = 17.10.34928.147
MinimumVisualStudioVersion = 10.0.40219.1
Project("{9A19103F-16F7-4668-BE54-9A1E7A4F7556}") = "BlazorChat", "BlazorChat\BlazorChat\BlazorChat.csproj", "{195A9CAC-DC63-4BCF-AFAF-81BB7D5B1A2B}"
EndProject
Project("{9A19103F-16F7-4668-BE54-9A1E7A4F7556}") = "BlazorChat.Client", "BlazorChat\BlazorChat.Client\BlazorChat.Client.csproj", "{8037AFC2-005E-41E4-8ADB-7C6D85C00E01}"
EndProject
Project("{9A19103F-16F7-4668-BE54-9A1E7A4F7556}") = "BlazorChat.Shared", "BlazorChat.Shared\BlazorChat.Shared.csproj", "{3E1C10A3-A8B0-4942-B2B1-E65D0AE885BF}"
EndProject
Global
	GlobalSection(SolutionConfigurationPlatforms) = preSolution
		Debug|Any CPU = Debug|Any CPU
		Release|Any CPU = Release|Any CPU
	EndGlobalSection
	GlobalSection(ProjectConfigurationPlatforms) = postSolution
		{195A9CAC-DC63-4BCF-AFAF-81BB7D5B1A2B}.Debug|Any CPU.ActiveCfg = Debug|Any CPU
		{195A9CAC-DC63-4BCF-AFAF-81BB7D5B1A2B}.Debug|Any CPU.Build.0 = Debug|Any CPU
		{195A9CAC-DC63-4BCF-AFAF-81BB7D5B1A2B}.Release|Any CPU.ActiveCfg = Release|Any CPU
		{195A9CAC-DC63-4BCF-AFAF-81BB7D5B1A2B}.Release|Any CPU.Build.0 = Release|Any CPU
		{8037AFC2-005E-41E4-8ADB-7C6D85C00E01}.Debug|Any CPU.ActiveCfg = Debug|Any CPU
		{8037AFC2-005E-41E4-8ADB-7C6D85C00E01}.Debug|Any CPU.Build.0 = Debug|Any CPU
		{8037AFC2-005E-41E4-8ADB-7C6D85C00E01}.Release|Any CPU.ActiveCfg = Release|Any CPU
		{8037AFC2-005E-41E4-8ADB-7C6D85C00E01}.Release|Any CPU.Build.0 = Release|Any CPU
		{3E1C10A3-A8B0-4942-B2B1-E65D0AE885BF}.Debug|Any CPU.ActiveCfg = Debug|Any CPU
		{3E1C10A3-A8B0-4942-B2B1-E65D0AE885BF}.Debug|Any CPU.Build.0 = Debug|Any CPU
		{3E1C10A3-A8B0-4942-B2B1-E65D0AE885BF}.Release|Any CPU.ActiveCfg = Release|Any CPU
		{3E1C10A3-A8B0-4942-B2B1-E65D0AE885BF}.Release|Any CPU.Build.0 = Release|Any CPU
	EndGlobalSection
	GlobalSection(SolutionProperties) = preSolution
		HideSolutionNode = FALSE
	EndGlobalSection
	GlobalSection(ExtensibilityGlobals) = postSolution
		SolutionGuid = {9844F47D-62E4-4F7F-B84B-D8B1236A390A}
	EndGlobalSection
EndGlobal
